
Microsoft Visual Studio Solution File, Format Version 12.00
# Visual Studio 15
VisualStudioVersion = 15.0.27703.2000
MinimumVisualStudioVersion = 10.0.40219.1
Project("{FAE04EC0-301F-11D3-BF4B-00C04F79EFBC}") = "Sirius.Common", "src\Sirius.Common\Sirius.Common.csproj", "{E2E61475-E285-4F9D-9451-E34ADFDBCB38}"
EndProject
Project("{FAE04EC0-301F-11D3-BF4B-00C04F79EFBC}") = "Sirius.Common.Tests", "tests\Sirius.Common.Tests\Sirius.Common.Tests.csproj", "{9142A9C0-3BDA-4202-80EC-AD819AD77CDE}"
EndProject
Project("{2150E333-8FDC-42A3-9474-1A3956D46DE8}") = "Solution Items", "Solution Items", "{7D2A038E-86BA-4AA9-A4AC-5C86BA5CA666}"
	ProjectSection(SolutionItems) = preProject
		.editorconfig = .editorconfig
		README.md = README.md
	EndProjectSection
EndProject
Global
	GlobalSection(SolutionConfigurationPlatforms) = preSolution
		Debug|Any CPU = Debug|Any CPU
		Release|Any CPU = Release|Any CPU
	EndGlobalSection
	GlobalSection(ProjectConfigurationPlatforms) = postSolution
		{E2E61475-E285-4F9D-9451-E34ADFDBCB38}.Debug|Any CPU.ActiveCfg = Debug|Any CPU
		{E2E61475-E285-4F9D-9451-E34ADFDBCB38}.Debug|Any CPU.Build.0 = Debug|Any CPU
		{E2E61475-E285-4F9D-9451-E34ADFDBCB38}.Release|Any CPU.ActiveCfg = Release|Any CPU
		{E2E61475-E285-4F9D-9451-E34ADFDBCB38}.Release|Any CPU.Build.0 = Release|Any CPU
		{9142A9C0-3BDA-4202-80EC-AD819AD77CDE}.Debug|Any CPU.ActiveCfg = Debug|Any CPU
		{9142A9C0-3BDA-4202-80EC-AD819AD77CDE}.Debug|Any CPU.Build.0 = Debug|Any CPU
		{9142A9C0-3BDA-4202-80EC-AD819AD77CDE}.Release|Any CPU.ActiveCfg = Release|Any CPU
	EndGlobalSection
	GlobalSection(SolutionProperties) = preSolution
		HideSolutionNode = FALSE
	EndGlobalSection
	GlobalSection(ExtensibilityGlobals) = postSolution
		SolutionGuid = {3FFC8C4C-A4D1-48D8-84F7-0D6F45673072}
	EndGlobalSection
EndGlobal
